github.com/antlr4-go/antlr/v4 v4.13.1 h1:SqQKkuVZ+zWkMMNkjy5FZe5mr5WURWnlpmOuzYWrPrQ=
github.com/antlr4-go/antlr/v4 v4.13.1/go.mod h1:GKmUxMtwp6ZgGwZSva4eWPC5mS6vUAmOABFgjdkM7Nw=
github.com/gomatic/go-error v0.3.17 h1:/9346OvxJlUmUKZ1WlvnkHuUdEDGY8W5/k82hvFCFTM=
github.com/gomatic/go-error v0.3.17/go.mod h1:II3waWGb3oeMWFICETR7qCRzVkkD7LaiKFlvuy3oLuQ=
github.com/stretchr/testify v1.12.1 h1:EuwCh5fleGS7H32xRwO3wRGT7DxrDhLAT6FF8MpWDWE=
github.com/stretchr/testify v1.12.1/go.mod h1:MDEgiDPPsNp5cuIrHPPCyornHKgEVbtFUmoNlxoYthg=
github.com/tsvsheet/go-isnow v0.1.12 h1:11sxrsaVg9pJa73kRXzc7Zo358XtnqQ4utEALIDHiP4=
github.com/tsvsheet/go-isnow v0.1.12/go.mod h1:tSDPvEzE4DjWKN4GKLsIdzyuTct30jsWwftJ7sh++GM=
github.com/tsvsheet/go-tsvsheet v0.28.2 h1:QPgmfPx0EndNoNyBcvNKnTxg2wg+PC4nAoVd5cqTbc0=
github.com/tsvsheet/go-tsvsheet v0.28.2/go.mod h1:SiGkWD2IUlL/ps0yevYWV3Lb4q9PXUD3kYuF4Y/SngA=
github.com/yuin/goldmark v1.8.5 h1:r6N5afV5qj/5S4UTch8agZHJ8UxNCMwX7WjkkJam2NA=
github.com/yuin/goldmark v1.8.5/go.mod h1:ip/1k0VRfGynBgxOz0yCqHrbZXhcjxyuS66Brc7iBKg=
go.yaml.in/yaml/v3 v3.0.5 h1:N6y/pJk8buWs9NY5ERU2HSMfm+IuD/OtfdAnq6kESPw=
go.yaml.in/yaml/v3 v3.0.5/go.mod h1:HVTZu1O7/Vkt2N+BFy8Zza+lnLsABggaTM2ZpNIGuKg=
golang.org/x/exp v0.0.0-20260727155853-b88d891fe743 h1:ex206bKw+v3K0dm3andkrIF+ijyQKJG1pLgwQ2PYdQM=
golang.org/x/exp v0.0.0-20260727155853-b88d891fe743/go.mod h1:EdfpwwqSu+0Li0mzskwHU6FWDV3t9Q+RZDo3QMUtL3Q=
gopkg.in/yaml.v3 v3.0.1 h1:fxVm/GzAzEWqLHuvctI91KS9hhNmmWOoWu0XTYJS7CA=
gopkg.in/yaml.v3 v3.0.1/go.mod h1:K4uyk7z7BCEPqu6E+C64Yfv1cQ7kz7rIZviUmN+EgEM=
